
Microsoft Visual Studio Solution File, Format Version 12.00
# Visual Studio 15
VisualStudioVersion = 15.0.27428.2037
MinimumVisualStudioVersion = 10.0.40219.1
Project("{FAE04EC0-301F-11D3-BF4B-00C04F79EFBC}") = "ToDoListApp", "ToDoListApp\ToDoListApp.csproj", "{7FA41429-324E-4F20-945E-51074685FB92}"
EndProject
Global
	GlobalSection(SolutionConfigurationPlatforms) = preSolution
		Debug|Any CPU = Debug|Any CPU
		Release|Any CPU = Release|Any CPU
	EndGlobalSection
	GlobalSection(ProjectConfigurationPlatforms) = postSolution
		{7FA41429-324E-4F20-945E-51074685FB92}.Debug|Any CPU.ActiveCfg = Debug|Any CPU
		{7FA41429-324E-4F20-945E-51074685FB92}.Debug|Any CPU.Build.0 = Debug|Any CPU
		{7FA41429-324E-4F20-945E-51074685FB92}.Release|Any CPU.ActiveCfg = Release|Any CPU
		{7FA41429-324E-4F20-945E-51074685FB92}.Release|Any CPU.Build.0 = Release|Any CPU
	EndGlobalSection
	GlobalSection(SolutionProperties) = preSolution
		HideSolutionNode = FALSE
	EndGlobalSection
	GlobalSection(ExtensibilityGlobals) = postSolution
		SolutionGuid = {2ECAC0C8-D313-4AAF-94A0-1D7BB7E2511D}
	EndGlobalSection
EndGlobal
